
Microsoft Visual Studio Solution File, Format Version 12.00
# Visual Studio Version 16
VisualStudioVersion = 16.0.31424.327
MinimumVisualStudioVersion = 10.0.40219.1
Project("{8BC9CEB8-8B4A-11D0-8D11-00A0C91BC942}") = "SalaryCalculationSystem", "SalaryCalculationSystem\SalaryCalculationSystem.vcxproj", "{D62A5324-3818-475D-B2AD-AE3EE15946E9}"
EndProject
Project("{8BC9CEB8-8B4A-11D0-8D11-00A0C91BC942}") = "StaticSalaryClasses", "StaticSalaryClasses\StaticSalaryClasses.vcxproj", "{497C7397-FA5D-45FE-B828-0FB8E9C02814}"
EndProject
Project("{8BC9CEB8-8B4A-11D0-8D11-00A0C91BC942}") = "UnitTests", "UnitTests\UnitTests.vcxproj", "{B134BAEE-F0F3-4D50-A6A7-ED6C7E3CA6A0}"
EndProject
Global
	GlobalSection(SolutionConfigurationPlatforms) = preSolution
		Debug|x64 = Debug|x64
		Debug|x86 = Debug|x86
		Release|x64 = Release|x64
		Release|x86 = Release|x86
	EndGlobalSection
	GlobalSection(ProjectConfigurationPlatforms) = postSolution
		{D62A5324-3818-475D-B2AD-AE3EE15946E9}.Debug|x64.ActiveCfg = Debug|x64
		{D62A5324-3818-475D-B2AD-AE3EE15946E9}.Debug|x64.Build.0 = Debug|x64
		{D62A5324-3818-475D-B2AD-AE3EE15946E9}.Debug|x86.ActiveCfg = Debug|Win32
		{D62A5324-3818-475D-B2AD-AE3EE15946E9}.Debug|x86.Build.0 = Debug|Win32
		{D62A5324-3818-475D-B2AD-AE3EE15946E9}.Release|x64.ActiveCfg = Release|x64
		{D62A5324-3818-475D-B2AD-AE3EE15946E9}.Release|x64.Build.0 = Release|x64
		{D62A5324-3818-475D-B2AD-AE3EE15946E9}.Release|x86.ActiveCfg = Release|Win32
		{D62A5324-3818-475D-B2AD-AE3EE15946E9}.Release|x86.Build.0 = Release|Win32
		{497C7397-FA5D-45FE-B828-0FB8E9C02814}.Debug|x64.ActiveCfg = Debug|x64
		{497C7397-FA5D-45FE-B828-0FB8E9C02814}.Debug|x64.Build.0 = Debug|x64
		{497C7397-FA5D-45FE-B828-0FB8E9C02814}.Debug|x86.ActiveCfg = Debug|Win32
		{497C7397-FA5D-45FE-B828-0FB8E9C02814}.Debug|x86.Build.0 = Debug|Win32
		{497C7397-FA5D-45FE-B828-0FB8E9C02814}.Release|x64.ActiveCfg = Release|x64
		{497C7397-FA5D-45FE-B828-0FB8E9C02814}.Release|x64.Build.0 = Release|x64
		{497C7397-FA5D-45FE-B828-0FB8E9C02814}.Release|x86.ActiveCfg = Release|Win32
		{497C7397-FA5D-45FE-B828-0FB8E9C02814}.Release|x86.Build.0 = Release|Win32
		{B134BAEE-F0F3-4D50-A6A7-ED6C7E3CA6A0}.Debug|x64.ActiveCfg = Debug|x64
		{B134BAEE-F0F3-4D50-A6A7-ED6C7E3CA6A0}.Debug|x64.Build.0 = Debug|x64
		{B134BAEE-F0F3-4D50-A6A7-ED6C7E3CA6A0}.Debug|x86.ActiveCfg = Debug|Win32
		{B134BAEE-F0F3-4D50-A6A7-ED6C7E3CA6A0}.Debug|x86.Build.0 = Debug|Win32
		{B134BAEE-F0F3-4D50-A6A7-ED6C7E3CA6A0}.Release|x64.ActiveCfg = Release|x64
		{B134BAEE-F0F3-4D50-A6A7-ED6C7E3CA6A0}.Release|x64.Build.0 = Release|x64
		{B134BAEE-F0F3-4D50-A6A7-ED6C7E3CA6A0}.Release|x86.ActiveCfg = Release|Win32
		{B134BAEE-F0F3-4D50-A6A7-ED6C7E3CA6A0}.Release|x86.Build.0 = Release|Win32
	EndGlobalSection
	GlobalSection(SolutionProperties) = preSolution
		HideSolutionNode = FALSE
	EndGlobalSection
	GlobalSection(ExtensibilityGlobals) = postSolution
		SolutionGuid = {EEE69A91-47BB-452E-B5A4-D3838A0F18CF}
	EndGlobalSection
EndGlobal
